
Microsoft Visual Studio Solution File, Format Version 12.00
# Visual Studio Version 16
VisualStudioVersion = 16.0.35826.135
MinimumVisualStudioVersion = 10.0.40219.1
Project("{FAE04EC0-301F-11D3-BF4B-00C04F79EFBC}") = "Learn", "Learn.csproj", "{AE222A28-10AA-4134-BB5E-A96FDD37F252}"
EndProject
Global
	GlobalSection(SolutionConfigurationPlatforms) = preSolution
		Debug|Any CPU = Debug|Any CPU
		Release|Any CPU = Release|Any CPU
	EndGlobalSection
	GlobalSection(ProjectConfigurationPlatforms) = postSolution
		{AE222A28-10AA-4134-BB5E-A96FDD37F252}.Debug|Any CPU.ActiveCfg = Debug|Any CPU
		{AE222A28-10AA-4134-BB5E-A96FDD37F252}.Debug|Any CPU.Build.0 = Debug|Any CPU
		{AE222A28-10AA-4134-BB5E-A96FDD37F252}.Release|Any CPU.ActiveCfg = Release|Any CPU
		{AE222A28-10AA-4134-BB5E-A96FDD37F252}.Release|Any CPU.Build.0 = Release|Any CPU
	EndGlobalSection
	GlobalSection(SolutionProperties) = preSolution
		HideSolutionNode = FALSE
	EndGlobalSection
	GlobalSection(ExtensibilityGlobals) = postSolution
		SolutionGuid = {3E5F0E71-B382-4166-B612-CD0EDCA2ECD8}
	EndGlobalSection
EndGlobal
