
Microsoft Visual Studio Solution File, Format Version 12.00
# Visual Studio Version 16
VisualStudioVersion = 16.0.35826.135
MinimumVisualStudioVersion = 10.0.40219.1
Project("{8BC9CEB8-8B4A-11D0-8D11-00A0C91BC942}") = "C++", "C++.vcxproj", "{AE014072-70EE-49DE-A635-064E38205ECC}"
EndProject
Project("{2150E333-8FDC-42A3-9474-1A3956D46DE8}") = "其他", "其他", "{9DBBC1AD-CEB1-4EFD-995E-F749F8186012}"
EndProject
Project("{8BC9CEB8-8B4A-11D0-8D11-00A0C91BC942}") = "atuo变量", "..\atuo变量\atuo变量.vcxproj", "{01B47636-F6A3-4BF4-922C-1B9FC6ADAA7E}"
EndProject
Project("{2150E333-8FDC-42A3-9474-1A3956D46DE8}") = "排序", "排序", "{CAF95A46-26FE-4949-A979-5DCCA14A2842}"
EndProject
Project("{8BC9CEB8-8B4A-11D0-8D11-00A0C91BC942}") = "堆排序", "..\堆排序\堆排序.vcxproj", "{9E600845-D01D-436A-8614-8367F1E59BAA}"
EndProject
Project("{2150E333-8FDC-42A3-9474-1A3956D46DE8}") = "单元测试练习", "单元测试练习", "{3AF68D74-0F7B-4AB2-8BA6-CCF0B299A5C8}"
EndProject
Project("{8BC9CEB8-8B4A-11D0-8D11-00A0C91BC942}") = "Calculate", "..\其他\单元测试练习\Calculate\Calculate.vcxproj", "{58137572-A1A8-47BC-81DB-985E816F8CFE}"
EndProject
Project("{8BC9CEB8-8B4A-11D0-8D11-00A0C91BC942}") = "GameLogic", "..\其他\单元测试练习\GameLogic\GameLogic.vcxproj", "{C6E80044-1A8B-4ED8-8680-41CBCFBA6C82}"
EndProject
Project("{8BC9CEB8-8B4A-11D0-8D11-00A0C91BC942}") = "UnitTest1", "..\其他\单元测试练习\UnitTest1\UnitTest1.vcxproj", "{E74749B3-0173-4FAD-9087-B50D493D68AA}"
EndProject
Project("{8BC9CEB8-8B4A-11D0-8D11-00A0C91BC942}") = "UnitTest2", "..\其他\单元测试练习\UnitTest2\UnitTest2.vcxproj", "{D4F6A0F9-73DC-4E70-8930-237AE326952A}"
EndProject
Global
	GlobalSection(SolutionConfigurationPlatforms) = preSolution
		Debug|x64 = Debug|x64
		Debug|x86 = Debug|x86
		Release|x64 = Release|x64
		Release|x86 = Release|x86
	EndGlobalSection
	GlobalSection(ProjectConfigurationPlatforms) = postSolution
		{AE014072-70EE-49DE-A635-064E38205ECC}.Debug|x64.ActiveCfg = Debug|x64
		{AE014072-70EE-49DE-A635-064E38205ECC}.Debug|x64.Build.0 = Debug|x64
		{AE014072-70EE-49DE-A635-064E38205ECC}.Debug|x86.ActiveCfg = Debug|Win32
		{AE014072-70EE-49DE-A635-064E38205ECC}.Debug|x86.Build.0 = Debug|Win32
		{AE014072-70EE-49DE-A635-064E38205ECC}.Release|x64.ActiveCfg = Release|x64
		{AE014072-70EE-49DE-A635-064E38205ECC}.Release|x64.Build.0 = Release|x64
		{AE014072-70EE-49DE-A635-064E38205ECC}.Release|x86.ActiveCfg = Release|Win32
		{AE014072-70EE-49DE-A635-064E38205ECC}.Release|x86.Build.0 = Release|Win32
		{01B47636-F6A3-4BF4-922C-1B9FC6ADAA7E}.Debug|x64.ActiveCfg = Debug|x64
		{01B47636-F6A3-4BF4-922C-1B9FC6ADAA7E}.Debug|x64.Build.0 = Debug|x64
		{01B47636-F6A3-4BF4-922C-1B9FC6ADAA7E}.Debug|x86.ActiveCfg = Debug|Win32
		{01B47636-F6A3-4BF4-922C-1B9FC6ADAA7E}.Debug|x86.Build.0 = Debug|Win32
		{01B47636-F6A3-4BF4-922C-1B9FC6ADAA7E}.Release|x64.ActiveCfg = Release|x64
		{01B47636-F6A3-4BF4-922C-1B9FC6ADAA7E}.Release|x64.Build.0 = Release|x64
		{01B47636-F6A3-4BF4-922C-1B9FC6ADAA7E}.Release|x86.ActiveCfg = Release|Win32
		{01B47636-F6A3-4BF4-922C-1B9FC6ADAA7E}.Release|x86.Build.0 = Release|Win32
		{9E600845-D01D-436A-8614-8367F1E59BAA}.Debug|x64.ActiveCfg = Debug|x64
		{9E600845-D01D-436A-8614-8367F1E59BAA}.Debug|x64.Build.0 = Debug|x64
		{9E600845-D01D-436A-8614-8367F1E59BAA}.Debug|x86.ActiveCfg = Debug|Win32
		{9E600845-D01D-436A-8614-8367F1E59BAA}.Debug|x86.Build.0 = Debug|Win32
		{9E600845-D01D-436A-8614-8367F1E59BAA}.Release|x64.ActiveCfg = Release|x64
		{9E600845-D01D-436A-8614-8367F1E59BAA}.Release|x64.Build.0 = Release|x64
		{9E600845-D01D-436A-8614-8367F1E59BAA}.Release|x86.ActiveCfg = Release|Win32
		{9E600845-D01D-436A-8614-8367F1E59BAA}.Release|x86.Build.0 = Release|Win32
		{58137572-A1A8-47BC-81DB-985E816F8CFE}.Debug|x64.ActiveCfg = Debug|x64
		{58137572-A1A8-47BC-81DB-985E816F8CFE}.Debug|x64.Build.0 = Debug|x64
		{58137572-A1A8-47BC-81DB-985E816F8CFE}.Debug|x86.ActiveCfg = Debug|Win32
		{58137572-A1A8-47BC-81DB-985E816F8CFE}.Debug|x86.Build.0 = Debug|Win32
		{58137572-A1A8-47BC-81DB-985E816F8CFE}.Release|x64.ActiveCfg = Release|x64
		{58137572-A1A8-47BC-81DB-985E816F8CFE}.Release|x64.Build.0 = Release|x64
		{58137572-A1A8-47BC-81DB-985E816F8CFE}.Release|x86.ActiveCfg = Release|Win32
		{58137572-A1A8-47BC-81DB-985E816F8CFE}.Release|x86.Build.0 = Release|Win32
		{C6E80044-1A8B-4ED8-8680-41CBCFBA6C82}.Debug|x64.ActiveCfg = Debug|x64
		{C6E80044-1A8B-4ED8-8680-41CBCFBA6C82}.Debug|x64.Build.0 = Debug|x64
		{C6E80044-1A8B-4ED8-8680-41CBCFBA6C82}.Debug|x86.ActiveCfg = Debug|Win32
		{C6E80044-1A8B-4ED8-8680-41CBCFBA6C82}.Debug|x86.Build.0 = Debug|Win32
		{C6E80044-1A8B-4ED8-8680-41CBCFBA6C82}.Release|x64.ActiveCfg = Release|x64
		{C6E80044-1A8B-4ED8-8680-41CBCFBA6C82}.Release|x64.Build.0 = Release|x64
		{C6E80044-1A8B-4ED8-8680-41CBCFBA6C82}.Release|x86.ActiveCfg = Release|Win32
		{C6E80044-1A8B-4ED8-8680-41CBCFBA6C82}.Release|x86.Build.0 = Release|Win32
		{E74749B3-0173-4FAD-9087-B50D493D68AA}.Debug|x64.ActiveCfg = Debug|x64
		{E74749B3-0173-4FAD-9087-B50D493D68AA}.Debug|x64.Build.0 = Debug|x64
		{E74749B3-0173-4FAD-9087-B50D493D68AA}.Debug|x86.ActiveCfg = Debug|Win32
		{E74749B3-0173-4FAD-9087-B50D493D68AA}.Debug|x86.Build.0 = Debug|Win32
		{E74749B3-0173-4FAD-9087-B50D493D68AA}.Release|x64.ActiveCfg = Release|x64
		{E74749B3-0173-4FAD-9087-B50D493D68AA}.Release|x64.Build.0 = Release|x64
		{E74749B3-0173-4FAD-9087-B50D493D68AA}.Release|x86.ActiveCfg = Release|Win32
		{E74749B3-0173-4FAD-9087-B50D493D68AA}.Release|x86.Build.0 = Release|Win32
		{D4F6A0F9-73DC-4E70-8930-237AE326952A}.Debug|x64.ActiveCfg = Debug|x64
		{D4F6A0F9-73DC-4E70-8930-237AE326952A}.Debug|x64.Build.0 = Debug|x64
		{D4F6A0F9-73DC-4E70-8930-237AE326952A}.Debug|x86.ActiveCfg = Debug|Win32
		{D4F6A0F9-73DC-4E70-8930-237AE326952A}.Debug|x86.Build.0 = Debug|Win32
		{D4F6A0F9-73DC-4E70-8930-237AE326952A}.Release|x64.ActiveCfg = Release|x64
		{D4F6A0F9-73DC-4E70-8930-237AE326952A}.Release|x64.Build.0 = Release|x64
		{D4F6A0F9-73DC-4E70-8930-237AE326952A}.Release|x86.ActiveCfg = Release|Win32
		{D4F6A0F9-73DC-4E70-8930-237AE326952A}.Release|x86.Build.0 = Release|Win32
	EndGlobalSection
	GlobalSection(SolutionProperties) = preSolution
		HideSolutionNode = FALSE
	EndGlobalSection
	GlobalSection(NestedProjects) = preSolution
		{01B47636-F6A3-4BF4-922C-1B9FC6ADAA7E} = {9DBBC1AD-CEB1-4EFD-995E-F749F8186012}
		{9E600845-D01D-436A-8614-8367F1E59BAA} = {CAF95A46-26FE-4949-A979-5DCCA14A2842}
		{3AF68D74-0F7B-4AB2-8BA6-CCF0B299A5C8} = {9DBBC1AD-CEB1-4EFD-995E-F749F8186012}
		{58137572-A1A8-47BC-81DB-985E816F8CFE} = {3AF68D74-0F7B-4AB2-8BA6-CCF0B299A5C8}
		{C6E80044-1A8B-4ED8-8680-41CBCFBA6C82} = {3AF68D74-0F7B-4AB2-8BA6-CCF0B299A5C8}
		{E74749B3-0173-4FAD-9087-B50D493D68AA} = {3AF68D74-0F7B-4AB2-8BA6-CCF0B299A5C8}
		{D4F6A0F9-73DC-4E70-8930-237AE326952A} = {3AF68D74-0F7B-4AB2-8BA6-CCF0B299A5C8}
	EndGlobalSection
	GlobalSection(ExtensibilityGlobals) = postSolution
		SolutionGuid = {2EAD8966-F29C-4AC1-8AE1-51D840FE0039}
	EndGlobalSection
EndGlobal
