
Microsoft Visual Studio Solution File, Format Version 12.00
# Visual Studio Version 16
VisualStudioVersion = 16.0.35826.135
MinimumVisualStudioVersion = 10.0.40219.1
Project("{8BC9CEB8-8B4A-11D0-8D11-00A0C91BC942}") = "C++", "C++.vcxproj", "{AE014072-70EE-49DE-A635-064E38205ECC}"
EndProject
Project("{2150E333-8FDC-42A3-9474-1A3956D46DE8}") = "其他", "其他", "{9DBBC1AD-CEB1-4EFD-995E-F749F8186012}"
EndProject
Project("{8BC9CEB8-8B4A-11D0-8D11-00A0C91BC942}") = "atuo变量", "..\atuo变量\atuo变量.vcxproj", "{01B47636-F6A3-4BF4-922C-1B9FC6ADAA7E}"
EndProject
Global
	GlobalSection(SolutionConfigurationPlatforms) = preSolution
		Debug|x64 = Debug|x64
		Debug|x86 = Debug|x86
		Release|x64 = Release|x64
		Release|x86 = Release|x86
	EndGlobalSection
	GlobalSection(ProjectConfigurationPlatforms) = postSolution
		{AE014072-70EE-49DE-A635-064E38205ECC}.Debug|x64.ActiveCfg = Debug|x64
		{AE014072-70EE-49DE-A635-064E38205ECC}.Debug|x64.Build.0 = Debug|x64
		{AE014072-70EE-49DE-A635-064E38205ECC}.Debug|x86.ActiveCfg = Debug|Win32
		{AE014072-70EE-49DE-A635-064E38205ECC}.Debug|x86.Build.0 = Debug|Win32
		{AE014072-70EE-49DE-A635-064E38205ECC}.Release|x64.ActiveCfg = Release|x64
		{AE014072-70EE-49DE-A635-064E38205ECC}.Release|x64.Build.0 = Release|x64
		{AE014072-70EE-49DE-A635-064E38205ECC}.Release|x86.ActiveCfg = Release|Win32
		{AE014072-70EE-49DE-A635-064E38205ECC}.Release|x86.Build.0 = Release|Win32
		{01B47636-F6A3-4BF4-922C-1B9FC6ADAA7E}.Debug|x64.ActiveCfg = Debug|x64
		{01B47636-F6A3-4BF4-922C-1B9FC6ADAA7E}.Debug|x64.Build.0 = Debug|x64
		{01B47636-F6A3-4BF4-922C-1B9FC6ADAA7E}.Debug|x86.ActiveCfg = Debug|Win32
		{01B47636-F6A3-4BF4-922C-1B9FC6ADAA7E}.Debug|x86.Build.0 = Debug|Win32
		{01B47636-F6A3-4BF4-922C-1B9FC6ADAA7E}.Release|x64.ActiveCfg = Release|x64
		{01B47636-F6A3-4BF4-922C-1B9FC6ADAA7E}.Release|x64.Build.0 = Release|x64
		{01B47636-F6A3-4BF4-922C-1B9FC6ADAA7E}.Release|x86.ActiveCfg = Release|Win32
		{01B47636-F6A3-4BF4-922C-1B9FC6ADAA7E}.Release|x86.Build.0 = Release|Win32
	EndGlobalSection
	GlobalSection(SolutionProperties) = preSolution
		HideSolutionNode = FALSE
	EndGlobalSection
	GlobalSection(NestedProjects) = preSolution
		{01B47636-F6A3-4BF4-922C-1B9FC6ADAA7E} = {9DBBC1AD-CEB1-4EFD-995E-F749F8186012}
	EndGlobalSection
	GlobalSection(ExtensibilityGlobals) = postSolution
		SolutionGuid = {2EAD8966-F29C-4AC1-8AE1-51D840FE0039}
	EndGlobalSection
EndGlobal
